
Microsoft Visual Studio Solution File, Format Version 12.00
# Visual Studio Version 17
VisualStudioVersion = 17.3.32901.215
MinimumVisualStudioVersion = 10.0.40219.1
Project("{9A19103F-16F7-4668-BE54-9A1E7A4F7556}") = "DAL", "DAL\DAL.csproj", "{7A35DA21-081D-4972-85DC-9FB3D315F89E}"
EndProject
Project("{9A19103F-16F7-4668-BE54-9A1E7A4F7556}") = "PhoneLog", "PhoneLog\PhoneLog.csproj", "{22075DB3-FB19-454A-BEE3-CAE2D0938E94}"
EndProject
Project("{9A19103F-16F7-4668-BE54-9A1E7A4F7556}") = "ViewModels", "ViewModels\ViewModels.csproj", "{722C3189-DE29-40AB-9B26-BBA13C17D789}"
EndProject
Global
	GlobalSection(SolutionConfigurationPlatforms) = preSolution
		Debug|Any CPU = Debug|Any CPU
		Release|Any CPU = Release|Any CPU
	EndGlobalSection
	GlobalSection(ProjectConfigurationPlatforms) = postSolution
		{7A35DA21-081D-4972-85DC-9FB3D315F89E}.Debug|Any CPU.ActiveCfg = Debug|Any CPU
		{7A35DA21-081D-4972-85DC-9FB3D315F89E}.Debug|Any CPU.Build.0 = Debug|Any CPU
		{7A35DA21-081D-4972-85DC-9FB3D315F89E}.Release|Any CPU.ActiveCfg = Release|Any CPU
		{7A35DA21-081D-4972-85DC-9FB3D315F89E}.Release|Any CPU.Build.0 = Release|Any CPU
		{22075DB3-FB19-454A-BEE3-CAE2D0938E94}.Debug|Any CPU.ActiveCfg = Debug|Any CPU
		{22075DB3-FB19-454A-BEE3-CAE2D0938E94}.Debug|Any CPU.Build.0 = Debug|Any CPU
		{22075DB3-FB19-454A-BEE3-CAE2D0938E94}.Release|Any CPU.ActiveCfg = Release|Any CPU
		{22075DB3-FB19-454A-BEE3-CAE2D0938E94}.Release|Any CPU.Build.0 = Release|Any CPU
		{722C3189-DE29-40AB-9B26-BBA13C17D789}.Debug|Any CPU.ActiveCfg = Debug|Any CPU
		{722C3189-DE29-40AB-9B26-BBA13C17D789}.Debug|Any CPU.Build.0 = Debug|Any CPU
		{722C3189-DE29-40AB-9B26-BBA13C17D789}.Release|Any CPU.ActiveCfg = Release|Any CPU
		{722C3189-DE29-40AB-9B26-BBA13C17D789}.Release|Any CPU.Build.0 = Release|Any CPU
	EndGlobalSection
	GlobalSection(SolutionProperties) = preSolution
		HideSolutionNode = FALSE
	EndGlobalSection
	GlobalSection(ExtensibilityGlobals) = postSolution
		SolutionGuid = {1F914211-CB41-4FA8-9774-51CCA12A989F}
	EndGlobalSection
EndGlobal
